
Microsoft Visual Studio Solution File, Format Version 12.00
# Visual Studio 2013
VisualStudioVersion = 12.0.21005.1
MinimumVisualStudioVersion = 10.0.40219.1
Project("{202899A3-C531-4771-9089-0213D66978AE}") = "ContextTriggering", "ContextTriggering\ContextTriggering.scopeproj", "{3A844C83-D5BD-4C40-9DA1-CC235E1A038D}"
EndProject
Global
	GlobalSection(SolutionConfigurationPlatforms) = preSolution
		Debug|Any CPU = Debug|Any CPU
		Release|Any CPU = Release|Any CPU
	EndGlobalSection
	GlobalSection(ProjectConfigurationPlatforms) = postSolution
		{3A844C83-D5BD-4C40-9DA1-CC235E1A038D}.Debug|Any CPU.ActiveCfg = Debug|Any CPU
		{3A844C83-D5BD-4C40-9DA1-CC235E1A038D}.Debug|Any CPU.Build.0 = Debug|Any CPU
		{3A844C83-D5BD-4C40-9DA1-CC235E1A038D}.Release|Any CPU.ActiveCfg = Release|Any CPU
		{3A844C83-D5BD-4C40-9DA1-CC235E1A038D}.Release|Any CPU.Build.0 = Release|Any CPU
	EndGlobalSection
	GlobalSection(SolutionProperties) = preSolution
		HideSolutionNode = FALSE
	EndGlobalSection
EndGlobal
